
Microsoft Visual Studio Solution File, Format Version 12.00
# Visual Studio 14
VisualStudioVersion = 14.0.25420.1
MinimumVisualStudioVersion = 10.0.40219.1
Project("{FAE04EC0-301F-11D3-BF4B-00C04F79EFBC}") = "DLLJeuPendu", "DLLJeuPendu\DLLJeuPendu.csproj", "{2BAD0887-7AA3-41AF-B8DE-391367DAD6D8}"
EndProject
Project("{FAE04EC0-301F-11D3-BF4B-00C04F79EFBC}") = "JeuPendu_windowsforms", "JeuPendu_windowsforms\JeuPendu_windowsforms.csproj", "{7E41C320-043A-4D03-BFDB-342AC234E815}"
EndProject
Project("{FAE04EC0-301F-11D3-BF4B-00C04F79EFBC}") = "testJeuPendu", "testJeuPendu\testJeuPendu.csproj", "{A2B29C69-5763-4A52-BC62-AEC9043DE461}"
EndProject
Project("{FAE04EC0-301F-11D3-BF4B-00C04F79EFBC}") = "Utilitaires", "Utilitaires\Utilitaires.csproj", "{596AD11B-F3BF-43C3-83A0-FC50CA1AB49B}"
EndProject
Project("{FAE04EC0-301F-11D3-BF4B-00C04F79EFBC}") = "TestGermain", "TestGermain\TestGermain.csproj", "{C28A5EDF-E612-4E22-BB6C-DCFFCDE42423}"
EndProject
Global
	GlobalSection(SolutionConfigurationPlatforms) = preSolution
		Debug|Any CPU = Debug|Any CPU
		Release|Any CPU = Release|Any CPU
	EndGlobalSection
	GlobalSection(ProjectConfigurationPlatforms) = postSolution
		{2BAD0887-7AA3-41AF-B8DE-391367DAD6D8}.Debug|Any CPU.ActiveCfg = Debug|Any CPU
		{2BAD0887-7AA3-41AF-B8DE-391367DAD6D8}.Debug|Any CPU.Build.0 = Debug|Any CPU
		{2BAD0887-7AA3-41AF-B8DE-391367DAD6D8}.Release|Any CPU.ActiveCfg = Release|Any CPU
		{2BAD0887-7AA3-41AF-B8DE-391367DAD6D8}.Release|Any CPU.Build.0 = Release|Any CPU
		{7E41C320-043A-4D03-BFDB-342AC234E815}.Debug|Any CPU.ActiveCfg = Debug|Any CPU
		{7E41C320-043A-4D03-BFDB-342AC234E815}.Debug|Any CPU.Build.0 = Debug|Any CPU
		{7E41C320-043A-4D03-BFDB-342AC234E815}.Release|Any CPU.ActiveCfg = Release|Any CPU
		{7E41C320-043A-4D03-BFDB-342AC234E815}.Release|Any CPU.Build.0 = Release|Any CPU
		{A2B29C69-5763-4A52-BC62-AEC9043DE461}.Debug|Any CPU.ActiveCfg = Debug|Any CPU
		{A2B29C69-5763-4A52-BC62-AEC9043DE461}.Debug|Any CPU.Build.0 = Debug|Any CPU
		{A2B29C69-5763-4A52-BC62-AEC9043DE461}.Release|Any CPU.ActiveCfg = Release|Any CPU
		{A2B29C69-5763-4A52-BC62-AEC9043DE461}.Release|Any CPU.Build.0 = Release|Any CPU
		{596AD11B-F3BF-43C3-83A0-FC50CA1AB49B}.Debug|Any CPU.ActiveCfg = Debug|Any CPU
		{596AD11B-F3BF-43C3-83A0-FC50CA1AB49B}.Debug|Any CPU.Build.0 = Debug|Any CPU
		{596AD11B-F3BF-43C3-83A0-FC50CA1AB49B}.Release|Any CPU.ActiveCfg = Release|Any CPU
		{596AD11B-F3BF-43C3-83A0-FC50CA1AB49B}.Release|Any CPU.Build.0 = Release|Any CPU
		{C28A5EDF-E612-4E22-BB6C-DCFFCDE42423}.Debug|Any CPU.ActiveCfg = Debug|Any CPU
		{C28A5EDF-E612-4E22-BB6C-DCFFCDE42423}.Debug|Any CPU.Build.0 = Debug|Any CPU
		{C28A5EDF-E612-4E22-BB6C-DCFFCDE42423}.Release|Any CPU.ActiveCfg = Release|Any CPU
		{C28A5EDF-E612-4E22-BB6C-DCFFCDE42423}.Release|Any CPU.Build.0 = Release|Any CPU
	EndGlobalSection
	GlobalSection(SolutionProperties) = preSolution
		HideSolutionNode = FALSE
	EndGlobalSection
EndGlobal
